
Microsoft Visual Studio Solution File, Format Version 12.00
# Visual Studio Version 17
VisualStudioVersion = 17.12.35527.113 d17.12
MinimumVisualStudioVersion = 10.0.40219.1
Project("{FAE04EC0-301F-11D3-BF4B-00C04F79EFBC}") = "Projeto_2", "Projeto_2\Projeto_2.csproj", "{FEB4DF6C-EA93-46DC-AF1F-95842521D4AA}"
EndProject
Global
	GlobalSection(SolutionConfigurationPlatforms) = preSolution
		Debug|Any CPU = Debug|Any CPU
		Release|Any CPU = Release|Any CPU
	EndGlobalSection
	GlobalSection(ProjectConfigurationPlatforms) = postSolution
		{FEB4DF6C-EA93-46DC-AF1F-95842521D4AA}.Debug|Any CPU.ActiveCfg = Debug|Any CPU
		{FEB4DF6C-EA93-46DC-AF1F-95842521D4AA}.Debug|Any CPU.Build.0 = Debug|Any CPU
		{FEB4DF6C-EA93-46DC-AF1F-95842521D4AA}.Release|Any CPU.ActiveCfg = Release|Any CPU
		{FEB4DF6C-EA93-46DC-AF1F-95842521D4AA}.Release|Any CPU.Build.0 = Release|Any CPU
	EndGlobalSection
	GlobalSection(SolutionProperties) = preSolution
		HideSolutionNode = FALSE
	EndGlobalSection
EndGlobal
